
Microsoft Visual Studio Solution File, Format Version 12.00
# Visual Studio Version 17
VisualStudioVersion = 17.13.35828.75 d17.13
MinimumVisualStudioVersion = 10.0.40219.1
Project("{F184B08F-C81C-45F6-A57F-5ABD9991F28F}") = "Practica 5", "Practica 5.vbproj", "{DE2B5D63-4BDD-4047-BF88-E5FC533230B2}"
EndProject
Global
	GlobalSection(SolutionConfigurationPlatforms) = preSolution
		Debug|Any CPU = Debug|Any CPU
		Release|Any CPU = Release|Any CPU
	EndGlobalSection
	GlobalSection(ProjectConfigurationPlatforms) = postSolution
		{DE2B5D63-4BDD-4047-BF88-E5FC533230B2}.Debug|Any CPU.ActiveCfg = Debug|Any CPU
		{DE2B5D63-4BDD-4047-BF88-E5FC533230B2}.Debug|Any CPU.Build.0 = Debug|Any CPU
		{DE2B5D63-4BDD-4047-BF88-E5FC533230B2}.Release|Any CPU.ActiveCfg = Release|Any CPU
		{DE2B5D63-4BDD-4047-BF88-E5FC533230B2}.Release|Any CPU.Build.0 = Release|Any CPU
	EndGlobalSection
	GlobalSection(SolutionProperties) = preSolution
		HideSolutionNode = FALSE
	EndGlobalSection
	GlobalSection(ExtensibilityGlobals) = postSolution
		SolutionGuid = {C0DC9CBA-1468-4ACE-93F1-54484E729DF1}
	EndGlobalSection
EndGlobal
