
Microsoft Visual Studio Solution File, Format Version 12.00
# Visual Studio Version 17
VisualStudioVersion = 17.13.35828.75 d17.13
MinimumVisualStudioVersion = 10.0.40219.1
Project("{F184B08F-C81C-45F6-A57F-5ABD9991F28F}") = "Practica 6", "Practica 6.vbproj", "{8F197368-96F7-4088-ADE6-C26B4FA92D74}"
EndProject
Global
	GlobalSection(SolutionConfigurationPlatforms) = preSolution
		Debug|Any CPU = Debug|Any CPU
		Release|Any CPU = Release|Any CPU
	EndGlobalSection
	GlobalSection(ProjectConfigurationPlatforms) = postSolution
		{8F197368-96F7-4088-ADE6-C26B4FA92D74}.Debug|Any CPU.ActiveCfg = Debug|Any CPU
		{8F197368-96F7-4088-ADE6-C26B4FA92D74}.Debug|Any CPU.Build.0 = Debug|Any CPU
		{8F197368-96F7-4088-ADE6-C26B4FA92D74}.Release|Any CPU.ActiveCfg = Release|Any CPU
		{8F197368-96F7-4088-ADE6-C26B4FA92D74}.Release|Any CPU.Build.0 = Release|Any CPU
	EndGlobalSection
	GlobalSection(SolutionProperties) = preSolution
		HideSolutionNode = FALSE
	EndGlobalSection
	GlobalSection(ExtensibilityGlobals) = postSolution
		SolutionGuid = {E3F6C470-C353-423A-9542-086E6A4BA6F6}
	EndGlobalSection
EndGlobal
